// !$*UTF8*$!
{
	archiveVersion = 1;
	classes = {
	};
	objectVersion = 55;
	objects = {

/* Begin PBXBuildFile section */
		8715EB2328BC65710080E6B0 /* FlashButton.swift in Sources */ = {isa = PBXBuildFile; fileRef = 8715EB2228BC65710080E6B0 /* FlashButton.swift */; };
		87B314C228BC49E6005F159F /* MiniApp83_QrCodeScannerApp.swift in Sources */ = {isa = PBXBuildFile; fileRef = 87B314C128BC49E6005F159F /* MiniApp83_QrCodeScannerApp.swift */; };
		87B314C428BC49E6005F159F /* ContentView.swift in Sources */ = {isa = PBXBuildFile; fileRef = 87B314C328BC49E6005F159F /* ContentView.swift */; };
		87B314C628BC49E7005F159F /* Assets.xcassets in Resources */ = {isa = PBXBuildFile; fileRef = 87B314C528BC49E7005F159F /* Assets.xcassets */; };
		87B314C928BC49E7005F159F /* Preview Assets.xcassets in Resources */ = {isa = PBXBuildFile; fileRef = 87B314C828BC49E7005F159F /* Preview Assets.xcassets */; };
		87B314D128BC4B41005F159F /* QRScanner in Frameworks */ = {isa = PBXBuildFile; productRef = 87B314D028BC4B41005F159F /* QRScanner */; };
		87B3150628BC59A1005F159F /* ThrowQrScanerViewController.swift in Sources */ = {isa = PBXBuildFile; fileRef = 87B3150528BC59A1005F159F /* ThrowQrScanerViewController.swift */; };
		87B3150928BC59FF005F159F /* QrScanerViewController.swift in Sources */ = {isa = PBXBuildFile; fileRef = 87B3150728BC59FF005F159F /* QrScanerViewController.swift */; };
		87B3150A28BC59FF005F159F /* QrScanerViewController.xib in Resources */ = {isa = PBXBuildFile; fileRef = 87B3150828BC59FF005F159F /* QrScanerViewController.xib */; };
/* End PBXBuildFile section */

/* Begin PBXFileReference section */
		8715EB2228BC65710080E6B0 /* FlashButton.swift */ = {isa = PBXFileReference; lastKnownFileType = sourcecode.swift; path = FlashButton.swift; sourceTree = "<group>"; };
		87B314BE28BC49E6005F159F /* MiniApp83-QrCodeScanner.app */ = {isa = PBXFileReference; explicitFileType = wrapper.application; includeInIndex = 0; path = "MiniApp83-QrCodeScanner.app"; sourceTree = BUILT_PRODUCTS_DIR; };
		87B314C128BC49E6005F159F /* MiniApp83_QrCodeScannerApp.swift */ = {isa = PBXFileReference; lastKnownFileType = sourcecode.swift; path = MiniApp83_QrCodeScannerApp.swift; sourceTree = "<group>"; };
		87B314C328BC49E6005F159F /* ContentView.swift */ = {isa = PBXFileReference; lastKnownFileType = sourcecode.swift; path = ContentView.swift; sourceTree = "<group>"; };
		87B314C528BC49E7005F159F /* Assets.xcassets */ = {isa = PBXFileReference; lastKnownFileType = folder.assetcatalog; path = Assets.xcassets; sourceTree = "<group>"; };
		87B314C828BC49E7005F159F /* Preview Assets.xcassets */ = {isa = PBXFileReference; lastKnownFileType = folder.assetcatalog; path = "Preview Assets.xcassets"; sourceTree = "<group>"; };
		87B3150528BC59A1005F159F /* ThrowQrScanerViewController.swift */ = {isa = PBXFileReference; lastKnownFileType = sourcecode.swift; path = ThrowQrScanerViewController.swift; sourceTree = "<group>"; };
		87B3150728BC59FF005F159F /* QrScanerViewController.swift */ = {isa = PBXFileReference; lastKnownFileType = sourcecode.swift; path = QrScanerViewController.swift; sourceTree = "<group>"; };
		87B3150828BC59FF005F159F /* QrScanerViewController.xib */ = {isa = PBXFileReference; lastKnownFileType = file.xib; path = QrScanerViewController.xib; sourceTree = "<group>"; };
/* End PBXFileReference section */

/* Begin PBXFrameworksBuildPhase section */
		87B314BB28BC49E6005F159F /* Frameworks */ = {
			isa = PBXFrameworksBuildPhase;
			buildActionMask = 2147483647;
			files = (
				87B314D128BC4B41005F159F /* QRScanner in Frameworks */,
			);
			runOnlyForDeploymentPostprocessing = 0;
		};
/* End PBXFrameworksBuildPhase section */

/* Begin PBXGroup section */
		87B314B528BC49E6005F159F = {
			isa = PBXGroup;
			children = (
				87B314C028BC49E6005F159F /* MiniApp83-QrCodeScanner */,
				87B314BF28BC49E6005F159F /* Products */,
			);
			sourceTree = "<group>";
		};
		87B314BF28BC49E6005F159F /* Products */ = {
			isa = PBXGroup;
			children = (
				87B314BE28BC49E6005F159F /* MiniApp83-QrCodeScanner.app */,
			);
			name = Products;
			sourceTree = "<group>";
		};
		87B314C028BC49E6005F159F /* MiniApp83-QrCodeScanner */ = {
			isa = PBXGroup;
			children = (
				87B314C128BC49E6005F159F /* MiniApp83_QrCodeScannerApp.swift */,
				87B314C328BC49E6005F159F /* ContentView.swift */,
				8715EB2228BC65710080E6B0 /* FlashButton.swift */,
				87B3150028BC5957005F159F /* QrScannerView */,
				87B314C528BC49E7005F159F /* Assets.xcassets */,
				87B314C728BC49E7005F159F /* Preview Content */,
			);
			path = "MiniApp83-QrCodeScanner";
			sourceTree = "<group>";
		};
		87B314C728BC49E7005F159F /* Preview Content */ = {
			isa = PBXGroup;
			children = (
				87B314C828BC49E7005F159F /* Preview Assets.xcassets */,
			);
			path = "Preview Content";
			sourceTree = "<group>";
		};
		87B3150028BC5957005F159F /* QrScannerView */ = {
			isa = PBXGroup;
			children = (
				87B3150528BC59A1005F159F /* ThrowQrScanerViewController.swift */,
				87B3150728BC59FF005F159F /* QrScanerViewController.swift */,
				87B3150828BC59FF005F159F /* QrScanerViewController.xib */,
			);
			path = QrScannerView;
			sourceTree = "<group>";
		};
/* End PBXGroup section */

/* Begin PBXNativeTarget section */
		87B314BD28BC49E6005F159F /* MiniApp83-QrCodeScanner */ = {
			isa = PBXNativeTarget;
			buildConfigurationList = 87B314CC28BC49E7005F159F /* Build configuration list for PBXNativeTarget "MiniApp83-QrCodeScanner" */;
			buildPhases = (
				87B314BA28BC49E6005F159F /* Sources */,
				87B314BB28BC49E6005F159F /* Frameworks */,
				87B314BC28BC49E6005F159F /* Resources */,
			);
			buildRules = (
			);
			dependencies = (
			);
			name = "MiniApp83-QrCodeScanner";
			packageProductDependencies = (
				87B314D028BC4B41005F159F /* QRScanner */,
			);
			productName = "MiniApp83-QrCodeScanner";
			productReference = 87B314BE28BC49E6005F159F /* MiniApp83-QrCodeScanner.app */;
			productType = "com.apple.product-type.application";
		};
/* End PBXNativeTarget section */

/* Begin PBXProject section */
		87B314B628BC49E6005F159F /* Project object */ = {
			isa = PBXProject;
			attributes = {
				BuildIndependentTargetsInParallel = 1;
				LastSwiftUpdateCheck = 1340;
				LastUpgradeCheck = 1340;
				TargetAttributes = {
					87B314BD28BC49E6005F159F = {
						CreatedOnToolsVersion = 13.4.1;
					};
				};
			};
			buildConfigurationList = 87B314B928BC49E6005F159F /* Build configuration list for PBXProject "MiniApp83-QrCodeScanner" */;
			compatibilityVersion = "Xcode 13.0";
			developmentRegion = en;
			hasScannedForEncodings = 0;
			knownRegions = (
				en,
				Base,
			);
			mainGroup = 87B314B528BC49E6005F159F;
			packageReferences = (
				87B314CF28BC4B41005F159F /* XCRemoteSwiftPackageReference "QRScanner" */,
			);
			productRefGroup = 87B314BF28BC49E6005F159F /* Products */;
			projectDirPath = "";
			projectRoot = "";
			targets = (
				87B314BD28BC49E6005F159F /* MiniApp83-QrCodeScanner */,
			);
		};
/* End PBXProject section */

/* Begin PBXResourcesBuildPhase section */
		87B314BC28BC49E6005F159F /* Resources */ = {
			isa = PBXResourcesBuildPhase;
			buildActionMask = 2147483647;
			files = (
				87B314C928BC49E7005F159F /* Preview Assets.xcassets in Resources */,
				87B3150A28BC59FF005F159F /* QrScanerViewController.xib in Resources */,
				87B314C628BC49E7005F159F /* Assets.xcassets in Resources */,
			);
			runOnlyForDeploymentPostprocessing = 0;
		};
/* End PBXResourcesBuildPhase section */

/* Begin PBXSourcesBuildPhase section */
		87B314BA28BC49E6005F159F /* Sources */ = {
			isa = PBXSourcesBuildPhase;
			buildActionMask = 2147483647;
			files = (
				87B3150628BC59A1005F159F /* ThrowQrScanerViewController.swift in Sources */,
				8715EB2328BC65710080E6B0 /* FlashButton.swift in Sources */,
				87B314C428BC49E6005F159F /* ContentView.swift in Sources */,
				87B3150928BC59FF005F159F /* QrScanerViewController.swift in Sources */,
				87B314C228BC49E6005F159F /* MiniApp83_QrCodeScannerApp.swift in Sources */,
			);
			runOnlyForDeploymentPostprocessing = 0;
		};
/* End PBXSourcesBuildPhase section */

/* Begin XCBuildConfiguration section */
		87B314CA28BC49E7005F159F /* Debug */ = {
			isa = XCBuildConfiguration;
			buildSettings = {
				ALWAYS_SEARCH_USER_PATHS = NO;
				CLANG_ANALYZER_NONNULL = YES;
				CLANG_ANALYZER_NUMBER_OBJECT_CONVERSION = YES_AGGRESSIVE;
				CLANG_CXX_LANGUAGE_STANDARD = "gnu++17";
				CLANG_ENABLE_MODULES = YES;
				CLANG_ENABLE_OBJC_ARC = YES;
				CLANG_ENABLE_OBJC_WEAK = YES;
				CLANG_WARN_BLOCK_CAPTURE_AUTORELEASING = YES;
				CLANG_WARN_BOOL_CONVERSION = YES;
				CLANG_WARN_COMMA = YES;
				CLANG_WARN_CONSTANT_CONVERSION = YES;
				CLANG_WARN_DEPRECATED_OBJC_IMPLEMENTATIONS = YES;
				CLANG_WARN_DIRECT_OBJC_ISA_USAGE = YES_ERROR;
				CLANG_WARN_DOCUMENTATION_COMMENTS = YES;
				CLANG_WARN_EMPTY_BODY = YES;
				CLANG_WARN_ENUM_CONVERSION = YES;
				CLANG_WARN_INFINITE_RECURSION = YES;
				CLANG_WARN_INT_CONVERSION = YES;
				CLANG_WARN_NON_LITERAL_NULL_CONVERSION = YES;
				CLANG_WARN_OBJC_IMPLICIT_RETAIN_SELF = YES;
				CLANG_WARN_OBJC_LITERAL_CONVERSION = YES;
				CLANG_WARN_OBJC_ROOT_CLASS = YES_ERROR;
				CLANG_WARN_QUOTED_INCLUDE_IN_FRAMEWORK_HEADER = YES;
				CLANG_WARN_RANGE_LOOP_ANALYSIS = YES;
				CLANG_WARN_STRICT_PROTOTYPES = YES;
				CLANG_WARN_SUSPICIOUS_MOVE = YES;
				CLANG_WARN_UNGUARDED_AVAILABILITY = YES_AGGRESSIVE;
				CLANG_WARN_UNREACHABLE_CODE = YES;
				CLANG_WARN__DUPLICATE_METHOD_MATCH = YES;
				COPY_PHASE_STRIP = NO;
				DEBUG_INFORMATION_FORMAT = dwarf;
				ENABLE_STRICT_OBJC_MSGSEND = YES;
				ENABLE_TESTABILITY = YES;
				GCC_C_LANGUAGE_STANDARD = gnu11;
				GCC_DYNAMIC_NO_PIC = NO;
				GCC_NO_COMMON_BLOCKS = YES;
				GCC_OPTIMIZATION_LEVEL = 0;
				GCC_PREPROCESSOR_DEFINITIONS = (
					"DEBUG=1",
					"$(inherited)",
				);
				GCC_WARN_64_TO_32_BIT_CONVERSION = YES;
				GCC_WARN_ABOUT_RETURN_TYPE = YES_ERROR;
				GCC_WARN_UNDECLARED_SELECTOR = YES;
				GCC_WARN_UNINITIALIZED_AUTOS = YES_AGGRESSIVE;
				GCC_WARN_UNUSED_FUNCTION = YES;
				GCC_WARN_UNUSED_VARIABLE = YES;
				IPHONEOS_DEPLOYMENT_TARGET = 15.5;
				MTL_ENABLE_DEBUG_INFO = INCLUDE_SOURCE;
				MTL_FAST_MATH = YES;
				ONLY_ACTIVE_ARCH = YES;
				SDKROOT = iphoneos;
				SWIFT_ACTIVE_COMPILATION_CONDITIONS = DEBUG;
				SWIFT_OPTIMIZATION_LEVEL = "-Onone";
			};
			name = Debug;
		};
		87B314CB28BC49E7005F159F /* Release */ = {
			isa = XCBuildConfiguration;
			buildSettings = {
				ALWAYS_SEARCH_USER_PATHS = NO;
				CLANG_ANALYZER_NONNULL = YES;
				CLANG_ANALYZER_NUMBER_OBJECT_CONVERSION = YES_AGGRESSIVE;
				CLANG_CXX_LANGUAGE_STANDARD = "gnu++17";
				CLANG_ENABLE_MODULES = YES;
				CLANG_ENABLE_OBJC_ARC = YES;
				CLANG_ENABLE_OBJC_WEAK = YES;
				CLANG_WARN_BLOCK_CAPTURE_AUTORELEASING = YES;
				CLANG_WARN_BOOL_CONVERSION = YES;
				CLANG_WARN_COMMA = YES;
				CLANG_WARN_CONSTANT_CONVERSION = YES;
				CLANG_WARN_DEPRECATED_OBJC_IMPLEMENTATIONS = YES;
				CLANG_WARN_DIRECT_OBJC_ISA_USAGE = YES_ERROR;
				CLANG_WARN_DOCUMENTATION_COMMENTS = YES;
				CLANG_WARN_EMPTY_BODY = YES;
				CLANG_WARN_ENUM_CONVERSION = YES;
				CLANG_WARN_INFINITE_RECURSION = YES;
				CLANG_WARN_INT_CONVERSION = YES;
				CLANG_WARN_NON_LITERAL_NULL_CONVERSION = YES;
				CLANG_WARN_OBJC_IMPLICIT_RETAIN_SELF = YES;
				CLANG_WARN_OBJC_LITERAL_CONVERSION = YES;
				CLANG_WARN_OBJC_ROOT_CLASS = YES_ERROR;
				CLANG_WARN_QUOTED_INCLUDE_IN_FRAMEWORK_HEADER = YES;
				CLANG_WARN_RANGE_LOOP_ANALYSIS = YES;
				CLANG_WARN_STRICT_PROTOTYPES = YES;
				CLANG_WARN_SUSPICIOUS_MOVE = YES;
				CLANG_WARN_UNGUARDED_AVAILABILITY = YES_AGGRESSIVE;
				CLANG_WARN_UNREACHABLE_CODE = YES;
				CLANG_WARN__DUPLICATE_METHOD_MATCH = YES;
				COPY_PHASE_STRIP = NO;
				DEBUG_INFORMATION_FORMAT = "dwarf-with-dsym";
				ENABLE_NS_ASSERTIONS = NO;
				ENABLE_STRICT_OBJC_MSGSEND = YES;
				GCC_C_LANGUAGE_STANDARD = gnu11;
				GCC_NO_COMMON_BLOCKS = YES;
				GCC_WARN_64_TO_32_BIT_CONVERSION = YES;
				GCC_WARN_ABOUT_RETURN_TYPE = YES_ERROR;
				GCC_WARN_UNDECLARED_SELECTOR = YES;
				GCC_WARN_UNINITIALIZED_AUTOS = YES_AGGRESSIVE;
				GCC_WARN_UNUSED_FUNCTION = YES;
				GCC_WARN_UNUSED_VARIABLE = YES;
				IPHONEOS_DEPLOYMENT_TARGET = 15.5;
				MTL_ENABLE_DEBUG_INFO = NO;
				MTL_FAST_MATH = YES;
				SDKROOT = iphoneos;
				SWIFT_COMPILATION_MODE = wholemodule;
				SWIFT_OPTIMIZATION_LEVEL = "-O";
				VALIDATE_PRODUCT = YES;
			};
			name = Release;
		};
		87B314CD28BC49E7005F159F /* Debug */ = {
			isa = XCBuildConfiguration;
			buildSettings = {
				ASSETCATALOG_COMPILER_APPICON_NAME = AppIcon;
				ASSETCATALOG_COMPILER_GLOBAL_ACCENT_COLOR_NAME = AccentColor;
				CODE_SIGN_STYLE = Automatic;
				CURRENT_PROJECT_VERSION = 1;
				DEVELOPMENT_ASSET_PATHS = "\"MiniApp83-QrCodeScanner/Preview Content\"";
				DEVELOPMENT_TEAM = 558ZJSQN67;
				ENABLE_PREVIEWS = YES;
				GENERATE_INFOPLIST_FILE = YES;
				INFOPLIST_KEY_NSCameraUsageDescription = "QRスキャンのためにカメラを使用します。";
				INFOPLIST_KEY_UIApplicationSceneManifest_Generation = YES;
				INFOPLIST_KEY_UIApplicationSupportsIndirectInputEvents = YES;
				INFOPLIST_KEY_UILaunchScreen_Generation = YES;
				INFOPLIST_KEY_UISupportedInterfaceOrientations_iPad = "UIInterfaceOrientationPortrait UIInterfaceOrientationPortraitUpsideDown UIInterfaceOrientationLandscapeLeft UIInterfaceOrientationLandscapeRight";
				INFOPLIST_KEY_UISupportedInterfaceOrientations_iPhone = "UIInterfaceOrientationPortrait UIInterfaceOrientationLandscapeLeft UIInterfaceOrientationLandscapeRight";
				LD_RUNPATH_SEARCH_PATHS = (
					"$(inherited)",
					"@executable_path/Frameworks",
				);
				MARKETING_VERSION = 1.0;
				PRODUCT_BUNDLE_IDENTIFIER = "org.tetoblog.MiniApp83-QrCodeScanner";
				PRODUCT_NAME = "$(TARGET_NAME)";
				SWIFT_EMIT_LOC_STRINGS = YES;
				SWIFT_VERSION = 5.0;
				TARGETED_DEVICE_FAMILY = "1,2";
			};
			name = Debug;
		};
		87B314CE28BC49E7005F159F /* Release */ = {
			isa = XCBuildConfiguration;
			buildSettings = {
				ASSETCATALOG_COMPILER_APPICON_NAME = AppIcon;
				ASSETCATALOG_COMPILER_GLOBAL_ACCENT_COLOR_NAME = AccentColor;
				CODE_SIGN_STYLE = Automatic;
				CURRENT_PROJECT_VERSION = 1;
				DEVELOPMENT_ASSET_PATHS = "\"MiniApp83-QrCodeScanner/Preview Content\"";
				DEVELOPMENT_TEAM = 558ZJSQN67;
				ENABLE_PREVIEWS = YES;
				GENERATE_INFOPLIST_FILE = YES;
				INFOPLIST_KEY_NSCameraUsageDescription = "QRスキャンのためにカメラを使用します。";
				INFOPLIST_KEY_UIApplicationSceneManifest_Generation = YES;
				INFOPLIST_KEY_UIApplicationSupportsIndirectInputEvents = YES;
				INFOPLIST_KEY_UILaunchScreen_Generation = YES;
				INFOPLIST_KEY_UISupportedInterfaceOrientations_iPad = "UIInterfaceOrientationPortrait UIInterfaceOrientationPortraitUpsideDown UIInterfaceOrientationLandscapeLeft UIInterfaceOrientationLandscapeRight";
				INFOPLIST_KEY_UISupportedInterfaceOrientations_iPhone = "UIInterfaceOrientationPortrait UIInterfaceOrientationLandscapeLeft UIInterfaceOrientationLandscapeRight";
				LD_RUNPATH_SEARCH_PATHS = (
					"$(inherited)",
					"@executable_path/Frameworks",
				);
				MARKETING_VERSION = 1.0;
				PRODUCT_BUNDLE_IDENTIFIER = "org.tetoblog.MiniApp83-QrCodeScanner";
				PRODUCT_NAME = "$(TARGET_NAME)";
				SWIFT_EMIT_LOC_STRINGS = YES;
				SWIFT_VERSION = 5.0;
				TARGETED_DEVICE_FAMILY = "1,2";
			};
			name = Release;
		};
/* End XCBuildConfiguration section */

/* Begin XCConfigurationList section */
		87B314B928BC49E6005F159F /* Build configuration list for PBXProject "MiniApp83-QrCodeScanner" */ = {
			isa = XCConfigurationList;
			buildConfigurations = (
				87B314CA28BC49E7005F159F /* Debug */,
				87B314CB28BC49E7005F159F /* Release */,
			);
			defaultConfigurationIsVisible = 0;
			defaultConfigurationName = Release;
		};
		87B314CC28BC49E7005F159F /* Build configuration list for PBXNativeTarget "MiniApp83-QrCodeScanner" */ = {
			isa = XCConfigurationList;
			buildConfigurations = (
				87B314CD28BC49E7005F159F /* Debug */,
				87B314CE28BC49E7005F159F /* Release */,
			);
			defaultConfigurationIsVisible = 0;
			defaultConfigurationName = Release;
		};
/* End XCConfigurationList section */

/* Begin XCRemoteSwiftPackageReference section */
		87B314CF28BC4B41005F159F /* XCRemoteSwiftPackageReference "QRScanner" */ = {
			isa = XCRemoteSwiftPackageReference;
			repositoryURL = "https://github.com/mercari/QRScanner";
			requirement = {
				kind = upToNextMajorVersion;
				minimumVersion = 1.0.0;
			};
		};
/* End XCRemoteSwiftPackageReference section */

/* Begin XCSwiftPackageProductDependency section */
		87B314D028BC4B41005F159F /* QRScanner */ = {
			isa = XCSwiftPackageProductDependency;
			package = 87B314CF28BC4B41005F159F /* XCRemoteSwiftPackageReference "QRScanner" */;
			productName = QRScanner;
		};
/* End XCSwiftPackageProductDependency section */
	};
	rootObject = 87B314B628BC49E6005F159F /* Project object */;
}
